// !$*UTF8*$!
{
	archiveVersion = 1;
	classes = {
	};
	objectVersion = 56;
	objects = {

/* Begin PBXBuildFile section */
		DA311B5629DEFB5000E58F50 /* AppDelegate.swift in Sources */ = {isa = PBXBuildFile; fileRef = DA311B5529DEFB5000E58F50 /* AppDelegate.swift */; };
		DA311B5829DEFB5000E58F50 /* SceneDelegate.swift in Sources */ = {isa = PBXBuildFile; fileRef = DA311B5729DEFB5000E58F50 /* SceneDelegate.swift */; };
		DA311B5A29DEFB5000E58F50 /* HomeViewController.swift in Sources */ = {isa = PBXBuildFile; fileRef = DA311B5929DEFB5000E58F50 /* HomeViewController.swift */; };
		DA311B5D29DEFB5000E58F50 /* Main.storyboard in Resources */ = {isa = PBXBuildFile; fileRef = DA311B5B29DEFB5000E58F50 /* Main.storyboard */; };
		DA311B5F29DEFB5200E58F50 /* Assets.xcassets in Resources */ = {isa = PBXBuildFile; fileRef = DA311B5E29DEFB5200E58F50 /* Assets.xcassets */; };
		DA311B6229DEFB5200E58F50 /* LaunchScreen.storyboard in Resources */ = {isa = PBXBuildFile; fileRef = DA311B6029DEFB5200E58F50 /* LaunchScreen.storyboard */; };
		DADD4A1929DF00A60033AD9C /* ResultTableViewCell.swift in Sources */ = {isa = PBXBuildFile; fileRef = DADD4A1829DF00A60033AD9C /* ResultTableViewCell.swift */; };
		F0619C2D013C37203143973F /* Pods_VeroDS.framework in Frameworks */ = {isa = PBXBuildFile; fileRef = 95B503F531B23773F6DF4140 /* Pods_VeroDS.framework */; };
		FB1BD24C2A5AE65800C8A16B /* UITextfield+Extension.swift in Sources */ = {isa = PBXBuildFile; fileRef = FB1BD24B2A5AE65800C8A16B /* UITextfield+Extension.swift */; };
		FB1BD24E2A5AE73D00C8A16B /* UIView+Extension.swift in Sources */ = {isa = PBXBuildFile; fileRef = FB1BD24D2A5AE73D00C8A16B /* UIView+Extension.swift */; };
		FB1BD2522A5AF30C00C8A16B /* Alert.swift in Sources */ = {isa = PBXBuildFile; fileRef = FB1BD2512A5AF30C00C8A16B /* Alert.swift */; };
		FBA447802A4AD8C400AAC2D1 /* HomeInteractor.swift in Sources */ = {isa = PBXBuildFile; fileRef = FBA4477F2A4AD8C400AAC2D1 /* HomeInteractor.swift */; };
		FBA447822A4AD8CD00AAC2D1 /* HomePresenter.swift in Sources */ = {isa = PBXBuildFile; fileRef = FBA447812A4AD8CD00AAC2D1 /* HomePresenter.swift */; };
		FBA447842A4AD8D700AAC2D1 /* HomeEntities.swift in Sources */ = {isa = PBXBuildFile; fileRef = FBA447832A4AD8D700AAC2D1 /* HomeEntities.swift */; };
		FBA447862A4AD90F00AAC2D1 /* HomeConfigurator.swift in Sources */ = {isa = PBXBuildFile; fileRef = FBA447852A4AD90F00AAC2D1 /* HomeConfigurator.swift */; };
		FBA447882A4AD93500AAC2D1 /* Viewable.swift in Sources */ = {isa = PBXBuildFile; fileRef = FBA447872A4AD93500AAC2D1 /* Viewable.swift */; };
		FBA4478A2A4AD94D00AAC2D1 /* Routerable.swift in Sources */ = {isa = PBXBuildFile; fileRef = FBA447892A4AD94D00AAC2D1 /* Routerable.swift */; };
		FBA4478C2A4AD95F00AAC2D1 /* Presenterable.swift in Sources */ = {isa = PBXBuildFile; fileRef = FBA4478B2A4AD95F00AAC2D1 /* Presenterable.swift */; };
		FBA4478E2A4AD97800AAC2D1 /* Interactorable.swift in Sources */ = {isa = PBXBuildFile; fileRef = FBA4478D2A4AD97800AAC2D1 /* Interactorable.swift */; };
		FBA447902A4AD98600AAC2D1 /* TableViewItemDataSource.swift in Sources */ = {isa = PBXBuildFile; fileRef = FBA4478F2A4AD98600AAC2D1 /* TableViewItemDataSource.swift */; };
		FBA447922A4AD9EC00AAC2D1 /* UIColor+Extension.swift in Sources */ = {isa = PBXBuildFile; fileRef = FBA447912A4AD9EC00AAC2D1 /* UIColor+Extension.swift */; };
		FBA447942A4ADB0200AAC2D1 /* HomeContract.swift in Sources */ = {isa = PBXBuildFile; fileRef = FBA447932A4ADB0200AAC2D1 /* HomeContract.swift */; };
		FBA447982A4ADC4300AAC2D1 /* HomeRouter.swift in Sources */ = {isa = PBXBuildFile; fileRef = FBA447972A4ADC4300AAC2D1 /* HomeRouter.swift */; };
		FBA4479A2A4ADF5800AAC2D1 /* LoginApi.swift in Sources */ = {isa = PBXBuildFile; fileRef = FBA447992A4ADF5800AAC2D1 /* LoginApi.swift */; };
		FBA4479C2A4AE0B400AAC2D1 /* Api.swift in Sources */ = {isa = PBXBuildFile; fileRef = FBA4479B2A4AE0B400AAC2D1 /* Api.swift */; };
		FBA4479E2A4B658500AAC2D1 /* HomeTableViewDataSource.swift in Sources */ = {isa = PBXBuildFile; fileRef = FBA4479D2A4B658500AAC2D1 /* HomeTableViewDataSource.swift */; };
/* End PBXBuildFile section */

/* Begin PBXFileReference section */
		36184A5788AD4F8060E6E904 /* Pods-VeroDS.release.xcconfig */ = {isa = PBXFileReference; includeInIndex = 1; lastKnownFileType = text.xcconfig; name = "Pods-VeroDS.release.xcconfig"; path = "Target Support Files/Pods-VeroDS/Pods-VeroDS.release.xcconfig"; sourceTree = "<group>"; };
		95B503F531B23773F6DF4140 /* Pods_VeroDS.framework */ = {isa = PBXFileReference; explicitFileType = wrapper.framework; includeInIndex = 0; path = Pods_VeroDS.framework; sourceTree = BUILT_PRODUCTS_DIR; };
		C824D5F24175181A5E867309 /* Pods-VeroDS.debug.xcconfig */ = {isa = PBXFileReference; includeInIndex = 1; lastKnownFileType = text.xcconfig; name = "Pods-VeroDS.debug.xcconfig"; path = "Target Support Files/Pods-VeroDS/Pods-VeroDS.debug.xcconfig"; sourceTree = "<group>"; };
		DA311B5229DEFB5000E58F50 /* VeroDS.app */ = {isa = PBXFileReference; explicitFileType = wrapper.application; includeInIndex = 0; path = VeroDS.app; sourceTree = BUILT_PRODUCTS_DIR; };
		DA311B5529DEFB5000E58F50 /* AppDelegate.swift */ = {isa = PBXFileReference; lastKnownFileType = sourcecode.swift; path = AppDelegate.swift; sourceTree = "<group>"; };
		DA311B5729DEFB5000E58F50 /* SceneDelegate.swift */ = {isa = PBXFileReference; lastKnownFileType = sourcecode.swift; path = SceneDelegate.swift; sourceTree = "<group>"; };
		DA311B5929DEFB5000E58F50 /* HomeViewController.swift */ = {isa = PBXFileReference; lastKnownFileType = sourcecode.swift; path = HomeViewController.swift; sourceTree = "<group>"; };
		DA311B5C29DEFB5000E58F50 /* Base */ = {isa = PBXFileReference; lastKnownFileType = file.storyboard; name = Base; path = Base.lproj/Main.storyboard; sourceTree = "<group>"; };
		DA311B5E29DEFB5200E58F50 /* Assets.xcassets */ = {isa = PBXFileReference; lastKnownFileType = folder.assetcatalog; path = Assets.xcassets; sourceTree = "<group>"; };
		DA311B6129DEFB5200E58F50 /* Base */ = {isa = PBXFileReference; lastKnownFileType = file.storyboard; name = Base; path = Base.lproj/LaunchScreen.storyboard; sourceTree = "<group>"; };
		DA311B6329DEFB5200E58F50 /* Info.plist */ = {isa = PBXFileReference; lastKnownFileType = text.plist.xml; path = Info.plist; sourceTree = "<group>"; };
		DADD4A1829DF00A60033AD9C /* ResultTableViewCell.swift */ = {isa = PBXFileReference; lastKnownFileType = sourcecode.swift; path = ResultTableViewCell.swift; sourceTree = "<group>"; };
		FB1BD24B2A5AE65800C8A16B /* UITextfield+Extension.swift */ = {isa = PBXFileReference; lastKnownFileType = sourcecode.swift; path = "UITextfield+Extension.swift"; sourceTree = "<group>"; };
		FB1BD24D2A5AE73D00C8A16B /* UIView+Extension.swift */ = {isa = PBXFileReference; lastKnownFileType = sourcecode.swift; path = "UIView+Extension.swift"; sourceTree = "<group>"; };
		FB1BD2512A5AF30C00C8A16B /* Alert.swift */ = {isa = PBXFileReference; lastKnownFileType = sourcecode.swift; path = Alert.swift; sourceTree = "<group>"; };
		FBA4477F2A4AD8C400AAC2D1 /* HomeInteractor.swift */ = {isa = PBXFileReference; lastKnownFileType = sourcecode.swift; path = HomeInteractor.swift; sourceTree = "<group>"; };
		FBA447812A4AD8CD00AAC2D1 /* HomePresenter.swift */ = {isa = PBXFileReference; lastKnownFileType = sourcecode.swift; path = HomePresenter.swift; sourceTree = "<group>"; };
		FBA447832A4AD8D700AAC2D1 /* HomeEntities.swift */ = {isa = PBXFileReference; lastKnownFileType = sourcecode.swift; path = HomeEntities.swift; sourceTree = "<group>"; };
		FBA447852A4AD90F00AAC2D1 /* HomeConfigurator.swift */ = {isa = PBXFileReference; lastKnownFileType = sourcecode.swift; path = HomeConfigurator.swift; sourceTree = "<group>"; };
		FBA447872A4AD93500AAC2D1 /* Viewable.swift */ = {isa = PBXFileReference; lastKnownFileType = sourcecode.swift; path = Viewable.swift; sourceTree = "<group>"; };
		FBA447892A4AD94D00AAC2D1 /* Routerable.swift */ = {isa = PBXFileReference; lastKnownFileType = sourcecode.swift; path = Routerable.swift; sourceTree = "<group>"; };
		FBA4478B2A4AD95F00AAC2D1 /* Presenterable.swift */ = {isa = PBXFileReference; lastKnownFileType = sourcecode.swift; path = Presenterable.swift; sourceTree = "<group>"; };
		FBA4478D2A4AD97800AAC2D1 /* Interactorable.swift */ = {isa = PBXFileReference; lastKnownFileType = sourcecode.swift; path = Interactorable.swift; sourceTree = "<group>"; };
		FBA4478F2A4AD98600AAC2D1 /* TableViewItemDataSource.swift */ = {isa = PBXFileReference; lastKnownFileType = sourcecode.swift; path = TableViewItemDataSource.swift; sourceTree = "<group>"; };
		FBA447912A4AD9EC00AAC2D1 /* UIColor+Extension.swift */ = {isa = PBXFileReference; lastKnownFileType = sourcecode.swift; path = "UIColor+Extension.swift"; sourceTree = "<group>"; };
		FBA447932A4ADB0200AAC2D1 /* HomeContract.swift */ = {isa = PBXFileReference; lastKnownFileType = sourcecode.swift; path = HomeContract.swift; sourceTree = "<group>"; };
		FBA447972A4ADC4300AAC2D1 /* HomeRouter.swift */ = {isa = PBXFileReference; lastKnownFileType = sourcecode.swift; path = HomeRouter.swift; sourceTree = "<group>"; };
		FBA447992A4ADF5800AAC2D1 /* LoginApi.swift */ = {isa = PBXFileReference; lastKnownFileType = sourcecode.swift; path = LoginApi.swift; sourceTree = "<group>"; };
		FBA4479B2A4AE0B400AAC2D1 /* Api.swift */ = {isa = PBXFileReference; lastKnownFileType = sourcecode.swift; path = Api.swift; sourceTree = "<group>"; };
		FBA4479D2A4B658500AAC2D1 /* HomeTableViewDataSource.swift */ = {isa = PBXFileReference; lastKnownFileType = sourcecode.swift; path = HomeTableViewDataSource.swift; sourceTree = "<group>"; };
/* End PBXFileReference section */

/* Begin PBXFrameworksBuildPhase section */
		DA311B4F29DEFB5000E58F50 /* Frameworks */ = {
			isa = PBXFrameworksBuildPhase;
			buildActionMask = 2147483647;
			files = (
				F0619C2D013C37203143973F /* Pods_VeroDS.framework in Frameworks */,
			);
			runOnlyForDeploymentPostprocessing = 0;
		};
/* End PBXFrameworksBuildPhase section */

/* Begin PBXGroup section */
		3B62B1077102B07CA129A183 /* Frameworks */ = {
			isa = PBXGroup;
			children = (
				95B503F531B23773F6DF4140 /* Pods_VeroDS.framework */,
			);
			name = Frameworks;
			sourceTree = "<group>";
		};
		92324744C770A65F21BA0FA8 /* Pods */ = {
			isa = PBXGroup;
			children = (
				C824D5F24175181A5E867309 /* Pods-VeroDS.debug.xcconfig */,
				36184A5788AD4F8060E6E904 /* Pods-VeroDS.release.xcconfig */,
			);
			path = Pods;
			sourceTree = "<group>";
		};
		DA311B4929DEFB5000E58F50 = {
			isa = PBXGroup;
			children = (
				DA311B5429DEFB5000E58F50 /* VeroDS */,
				DA311B5329DEFB5000E58F50 /* Products */,
				92324744C770A65F21BA0FA8 /* Pods */,
				3B62B1077102B07CA129A183 /* Frameworks */,
			);
			sourceTree = "<group>";
		};
		DA311B5329DEFB5000E58F50 /* Products */ = {
			isa = PBXGroup;
			children = (
				DA311B5229DEFB5000E58F50 /* VeroDS.app */,
			);
			name = Products;
			sourceTree = "<group>";
		};
		DA311B5429DEFB5000E58F50 /* VeroDS */ = {
			isa = PBXGroup;
			children = (
				FB1BD24F2A5AF2F900C8A16B /* Utilities */,
				DA311B6329DEFB5200E58F50 /* Info.plist */,
				DA311B5529DEFB5000E58F50 /* AppDelegate.swift */,
				DA311B5729DEFB5000E58F50 /* SceneDelegate.swift */,
				DA311B5E29DEFB5200E58F50 /* Assets.xcassets */,
				FBA4477C2A4AD81E00AAC2D1 /* Apis */,
				FBA4477D2A4AD82C00AAC2D1 /* Extension */,
				DA311B6029DEFB5200E58F50 /* LaunchScreen.storyboard */,
				FBA4477B2A4AD81500AAC2D1 /* Protocols */,
				FBA4477A2A4AD80B00AAC2D1 /* Screens */,
			);
			path = VeroDS;
			sourceTree = "<group>";
		};
		FB1BD24F2A5AF2F900C8A16B /* Utilities */ = {
			isa = PBXGroup;
			children = (
				FB1BD2502A5AF30300C8A16B /* Tools */,
			);
			path = Utilities;
			sourceTree = "<group>";
		};
		FB1BD2502A5AF30300C8A16B /* Tools */ = {
			isa = PBXGroup;
			children = (
				FB1BD2512A5AF30C00C8A16B /* Alert.swift */,
			);
			path = Tools;
			sourceTree = "<group>";
		};
		FB1BD2532A5AF8F100C8A16B /* Cell */ = {
			isa = PBXGroup;
			children = (
				DADD4A1829DF00A60033AD9C /* ResultTableViewCell.swift */,
			);
			path = Cell;
			sourceTree = "<group>";
		};
		FBA4477A2A4AD80B00AAC2D1 /* Screens */ = {
			isa = PBXGroup;
			children = (
				FB1BD2532A5AF8F100C8A16B /* Cell */,
				FBA447852A4AD90F00AAC2D1 /* HomeConfigurator.swift */,
				FBA447832A4AD8D700AAC2D1 /* HomeEntities.swift */,
				FBA4477F2A4AD8C400AAC2D1 /* HomeInteractor.swift */,
				FBA447812A4AD8CD00AAC2D1 /* HomePresenter.swift */,
				DA311B5929DEFB5000E58F50 /* HomeViewController.swift */,
				DA311B5B29DEFB5000E58F50 /* Main.storyboard */,
				FBA447932A4ADB0200AAC2D1 /* HomeContract.swift */,
				FBA447972A4ADC4300AAC2D1 /* HomeRouter.swift */,
				FBA4479D2A4B658500AAC2D1 /* HomeTableViewDataSource.swift */,
			);
			path = Screens;
			sourceTree = "<group>";
		};
		FBA4477B2A4AD81500AAC2D1 /* Protocols */ = {
			isa = PBXGroup;
			children = (
				FBA447872A4AD93500AAC2D1 /* Viewable.swift */,
				FBA447892A4AD94D00AAC2D1 /* Routerable.swift */,
				FBA4478B2A4AD95F00AAC2D1 /* Presenterable.swift */,
				FBA4478D2A4AD97800AAC2D1 /* Interactorable.swift */,
				FBA4478F2A4AD98600AAC2D1 /* TableViewItemDataSource.swift */,
			);
			path = Protocols;
			sourceTree = "<group>";
		};
		FBA4477C2A4AD81E00AAC2D1 /* Apis */ = {
			isa = PBXGroup;
			children = (
				FBA447992A4ADF5800AAC2D1 /* LoginApi.swift */,
				FBA4479B2A4AE0B400AAC2D1 /* Api.swift */,
			);
			path = Apis;
			sourceTree = "<group>";
		};
		FBA4477D2A4AD82C00AAC2D1 /* Extension */ = {
			isa = PBXGroup;
			children = (
				FBA447912A4AD9EC00AAC2D1 /* UIColor+Extension.swift */,
				FB1BD24B2A5AE65800C8A16B /* UITextfield+Extension.swift */,
				FB1BD24D2A5AE73D00C8A16B /* UIView+Extension.swift */,
			);
			path = Extension;
			sourceTree = "<group>";
		};
/* End PBXGroup section */

/* Begin PBXNativeTarget section */
		DA311B5129DEFB5000E58F50 /* VeroDS */ = {
			isa = PBXNativeTarget;
			buildConfigurationList = DA311B6629DEFB5200E58F50 /* Build configuration list for PBXNativeTarget "VeroDS" */;
			buildPhases = (
				1F29E4CB5F68F924DF1FBA86 /* [CP] Check Pods Manifest.lock */,
				DA311B4E29DEFB5000E58F50 /* Sources */,
				DA311B4F29DEFB5000E58F50 /* Frameworks */,
				DA311B5029DEFB5000E58F50 /* Resources */,
				4A899D6BF560BB8635B6E562 /* [CP] Embed Pods Frameworks */,
			);
			buildRules = (
			);
			dependencies = (
			);
			name = VeroDS;
			productName = VeroDS;
			productReference = DA311B5229DEFB5000E58F50 /* VeroDS.app */;
			productType = "com.apple.product-type.application";
		};
/* End PBXNativeTarget section */

/* Begin PBXProject section */
		DA311B4A29DEFB5000E58F50 /* Project object */ = {
			isa = PBXProject;
			attributes = {
				BuildIndependentTargetsInParallel = 1;
				LastSwiftUpdateCheck = 1420;
				LastUpgradeCheck = 1420;
				TargetAttributes = {
					DA311B5129DEFB5000E58F50 = {
						CreatedOnToolsVersion = 14.2;
					};
				};
			};
			buildConfigurationList = DA311B4D29DEFB5000E58F50 /* Build configuration list for PBXProject "VeroDS" */;
			compatibilityVersion = "Xcode 14.0";
			developmentRegion = en;
			hasScannedForEncodings = 0;
			knownRegions = (
				en,
				Base,
			);
			mainGroup = DA311B4929DEFB5000E58F50;
			productRefGroup = DA311B5329DEFB5000E58F50 /* Products */;
			projectDirPath = "";
			projectRoot = "";
			targets = (
				DA311B5129DEFB5000E58F50 /* VeroDS */,
			);
		};
/* End PBXProject section */

/* Begin PBXResourcesBuildPhase section */
		DA311B5029DEFB5000E58F50 /* Resources */ = {
			isa = PBXResourcesBuildPhase;
			buildActionMask = 2147483647;
			files = (
				DA311B6229DEFB5200E58F50 /* LaunchScreen.storyboard in Resources */,
				DA311B5F29DEFB5200E58F50 /* Assets.xcassets in Resources */,
				DA311B5D29DEFB5000E58F50 /* Main.storyboard in Resources */,
			);
			runOnlyForDeploymentPostprocessing = 0;
		};
/* End PBXResourcesBuildPhase section */

/* Begin PBXShellScriptBuildPhase section */
		1F29E4CB5F68F924DF1FBA86 /* [CP] Check Pods Manifest.lock */ = {
			isa = PBXShellScriptBuildPhase;
			buildActionMask = 2147483647;
			files = (
			);
			inputFileListPaths = (
			);
			inputPaths = (
				"${PODS_PODFILE_DIR_PATH}/Podfile.lock",
				"${PODS_ROOT}/Manifest.lock",
			);
			name = "[CP] Check Pods Manifest.lock";
			outputFileListPaths = (
			);
			outputPaths = (
				"$(DERIVED_FILE_DIR)/Pods-VeroDS-checkManifestLockResult.txt",
			);
			runOnlyForDeploymentPostprocessing = 0;
			shellPath = /bin/sh;
			shellScript = "diff \"${PODS_PODFILE_DIR_PATH}/Podfile.lock\" \"${PODS_ROOT}/Manifest.lock\" > /dev/null\nif [ $? != 0 ] ; then\n    # print error to STDERR\n    echo \"error: The sandbox is not in sync with the Podfile.lock. Run 'pod install' or update your CocoaPods installation.\" >&2\n    exit 1\nfi\n# This output is used by Xcode 'outputs' to avoid re-running this script phase.\necho \"SUCCESS\" > \"${SCRIPT_OUTPUT_FILE_0}\"\n";
			showEnvVarsInLog = 0;
		};
		4A899D6BF560BB8635B6E562 /* [CP] Embed Pods Frameworks */ = {
			isa = PBXShellScriptBuildPhase;
			buildActionMask = 2147483647;
			files = (
			);
			inputFileListPaths = (
				"${PODS_ROOT}/Target Support Files/Pods-VeroDS/Pods-VeroDS-frameworks-${CONFIGURATION}-input-files.xcfilelist",
			);
			name = "[CP] Embed Pods Frameworks";
			outputFileListPaths = (
				"${PODS_ROOT}/Target Support Files/Pods-VeroDS/Pods-VeroDS-frameworks-${CONFIGURATION}-output-files.xcfilelist",
			);
			runOnlyForDeploymentPostprocessing = 0;
			shellPath = /bin/sh;
			shellScript = "\"${PODS_ROOT}/Target Support Files/Pods-VeroDS/Pods-VeroDS-frameworks.sh\"\n";
			showEnvVarsInLog = 0;
		};
/* End PBXShellScriptBuildPhase section */

/* Begin PBXSourcesBuildPhase section */
		DA311B4E29DEFB5000E58F50 /* Sources */ = {
			isa = PBXSourcesBuildPhase;
			buildActionMask = 2147483647;
			files = (
				FBA4479C2A4AE0B400AAC2D1 /* Api.swift in Sources */,
				DA311B5A29DEFB5000E58F50 /* HomeViewController.swift in Sources */,
				DA311B5629DEFB5000E58F50 /* AppDelegate.swift in Sources */,
				DADD4A1929DF00A60033AD9C /* ResultTableViewCell.swift in Sources */,
				FBA447822A4AD8CD00AAC2D1 /* HomePresenter.swift in Sources */,
				FBA4478C2A4AD95F00AAC2D1 /* Presenterable.swift in Sources */,
				FBA447982A4ADC4300AAC2D1 /* HomeRouter.swift in Sources */,
				FBA447902A4AD98600AAC2D1 /* TableViewItemDataSource.swift in Sources */,
				FB1BD2522A5AF30C00C8A16B /* Alert.swift in Sources */,
				FBA4478A2A4AD94D00AAC2D1 /* Routerable.swift in Sources */,
				FBA447922A4AD9EC00AAC2D1 /* UIColor+Extension.swift in Sources */,
				FBA447842A4AD8D700AAC2D1 /* HomeEntities.swift in Sources */,
				FBA447862A4AD90F00AAC2D1 /* HomeConfigurator.swift in Sources */,
				FBA4479E2A4B658500AAC2D1 /* HomeTableViewDataSource.swift in Sources */,
				FBA447802A4AD8C400AAC2D1 /* HomeInteractor.swift in Sources */,
				FBA4479A2A4ADF5800AAC2D1 /* LoginApi.swift in Sources */,
				FB1BD24E2A5AE73D00C8A16B /* UIView+Extension.swift in Sources */,
				FBA447882A4AD93500AAC2D1 /* Viewable.swift in Sources */,
				FBA447942A4ADB0200AAC2D1 /* HomeContract.swift in Sources */,
				FB1BD24C2A5AE65800C8A16B /* UITextfield+Extension.swift in Sources */,
				FBA4478E2A4AD97800AAC2D1 /* Interactorable.swift in Sources */,
				DA311B5829DEFB5000E58F50 /* SceneDelegate.swift in Sources */,
			);
			runOnlyForDeploymentPostprocessing = 0;
		};
/* End PBXSourcesBuildPhase section */

/* Begin PBXVariantGroup section */
		DA311B5B29DEFB5000E58F50 /* Main.storyboard */ = {
			isa = PBXVariantGroup;
			children = (
				DA311B5C29DEFB5000E58F50 /* Base */,
			);
			name = Main.storyboard;
			sourceTree = "<group>";
		};
		DA311B6029DEFB5200E58F50 /* LaunchScreen.storyboard */ = {
			isa = PBXVariantGroup;
			children = (
				DA311B6129DEFB5200E58F50 /* Base */,
			);
			name = LaunchScreen.storyboard;
			sourceTree = "<group>";
		};
/* End PBXVariantGroup section */

/* Begin XCBuildConfiguration section */
		DA311B6429DEFB5200E58F50 /* Debug */ = {
			isa = XCBuildConfiguration;
			buildSettings = {
				ALWAYS_SEARCH_USER_PATHS = NO;
				CLANG_ANALYZER_NONNULL = YES;
				CLANG_ANALYZER_NUMBER_OBJECT_CONVERSION = YES_AGGRESSIVE;
				CLANG_CXX_LANGUAGE_STANDARD = "gnu++20";
				CLANG_ENABLE_MODULES = YES;
				CLANG_ENABLE_OBJC_ARC = YES;
				CLANG_ENABLE_OBJC_WEAK = YES;
				CLANG_WARN_BLOCK_CAPTURE_AUTORELEASING = YES;
				CLANG_WARN_BOOL_CONVERSION = YES;
				CLANG_WARN_COMMA = YES;
				CLANG_WARN_CONSTANT_CONVERSION = YES;
				CLANG_WARN_DEPRECATED_OBJC_IMPLEMENTATIONS = YES;
				CLANG_WARN_DIRECT_OBJC_ISA_USAGE = YES_ERROR;
				CLANG_WARN_DOCUMENTATION_COMMENTS = YES;
				CLANG_WARN_EMPTY_BODY = YES;
				CLANG_WARN_ENUM_CONVERSION = YES;
				CLANG_WARN_INFINITE_RECURSION = YES;
				CLANG_WARN_INT_CONVERSION = YES;
				CLANG_WARN_NON_LITERAL_NULL_CONVERSION = YES;
				CLANG_WARN_OBJC_IMPLICIT_RETAIN_SELF = YES;
				CLANG_WARN_OBJC_LITERAL_CONVERSION = YES;
				CLANG_WARN_OBJC_ROOT_CLASS = YES_ERROR;
				CLANG_WARN_QUOTED_INCLUDE_IN_FRAMEWORK_HEADER = YES;
				CLANG_WARN_RANGE_LOOP_ANALYSIS = YES;
				CLANG_WARN_STRICT_PROTOTYPES = YES;
				CLANG_WARN_SUSPICIOUS_MOVE = YES;
				CLANG_WARN_UNGUARDED_AVAILABILITY = YES_AGGRESSIVE;
				CLANG_WARN_UNREACHABLE_CODE = YES;
				CLANG_WARN__DUPLICATE_METHOD_MATCH = YES;
				COPY_PHASE_STRIP = NO;
				DEBUG_INFORMATION_FORMAT = dwarf;
				ENABLE_STRICT_OBJC_MSGSEND = YES;
				ENABLE_TESTABILITY = YES;
				GCC_C_LANGUAGE_STANDARD = gnu11;
				GCC_DYNAMIC_NO_PIC = NO;
				GCC_NO_COMMON_BLOCKS = YES;
				GCC_OPTIMIZATION_LEVEL = 0;
				GCC_PREPROCESSOR_DEFINITIONS = (
					"DEBUG=1",
					"$(inherited)",
				);
				GCC_WARN_64_TO_32_BIT_CONVERSION = YES;
				GCC_WARN_ABOUT_RETURN_TYPE = YES_ERROR;
				GCC_WARN_UNDECLARED_SELECTOR = YES;
				GCC_WARN_UNINITIALIZED_AUTOS = YES_AGGRESSIVE;
				GCC_WARN_UNUSED_FUNCTION = YES;
				GCC_WARN_UNUSED_VARIABLE = YES;
				IPHONEOS_DEPLOYMENT_TARGET = 16.2;
				MTL_ENABLE_DEBUG_INFO = INCLUDE_SOURCE;
				MTL_FAST_MATH = YES;
				ONLY_ACTIVE_ARCH = YES;
				SDKROOT = iphoneos;
				SWIFT_ACTIVE_COMPILATION_CONDITIONS = DEBUG;
				SWIFT_OPTIMIZATION_LEVEL = "-Onone";
			};
			name = Debug;
		};
		DA311B6529DEFB5200E58F50 /* Release */ = {
			isa = XCBuildConfiguration;
			buildSettings = {
				ALWAYS_SEARCH_USER_PATHS = NO;
				CLANG_ANALYZER_NONNULL = YES;
				CLANG_ANALYZER_NUMBER_OBJECT_CONVERSION = YES_AGGRESSIVE;
				CLANG_CXX_LANGUAGE_STANDARD = "gnu++20";
				CLANG_ENABLE_MODULES = YES;
				CLANG_ENABLE_OBJC_ARC = YES;
				CLANG_ENABLE_OBJC_WEAK = YES;
				CLANG_WARN_BLOCK_CAPTURE_AUTORELEASING = YES;
				CLANG_WARN_BOOL_CONVERSION = YES;
				CLANG_WARN_COMMA = YES;
				CLANG_WARN_CONSTANT_CONVERSION = YES;
				CLANG_WARN_DEPRECATED_OBJC_IMPLEMENTATIONS = YES;
				CLANG_WARN_DIRECT_OBJC_ISA_USAGE = YES_ERROR;
				CLANG_WARN_DOCUMENTATION_COMMENTS = YES;
				CLANG_WARN_EMPTY_BODY = YES;
				CLANG_WARN_ENUM_CONVERSION = YES;
				CLANG_WARN_INFINITE_RECURSION = YES;
				CLANG_WARN_INT_CONVERSION = YES;
				CLANG_WARN_NON_LITERAL_NULL_CONVERSION = YES;
				CLANG_WARN_OBJC_IMPLICIT_RETAIN_SELF = YES;
				CLANG_WARN_OBJC_LITERAL_CONVERSION = YES;
				CLANG_WARN_OBJC_ROOT_CLASS = YES_ERROR;
				CLANG_WARN_QUOTED_INCLUDE_IN_FRAMEWORK_HEADER = YES;
				CLANG_WARN_RANGE_LOOP_ANALYSIS = YES;
				CLANG_WARN_STRICT_PROTOTYPES = YES;
				CLANG_WARN_SUSPICIOUS_MOVE = YES;
				CLANG_WARN_UNGUARDED_AVAILABILITY = YES_AGGRESSIVE;
				CLANG_WARN_UNREACHABLE_CODE = YES;
				CLANG_WARN__DUPLICATE_METHOD_MATCH = YES;
				COPY_PHASE_STRIP = NO;
				DEBUG_INFORMATION_FORMAT = "dwarf-with-dsym";
				ENABLE_NS_ASSERTIONS = NO;
				ENABLE_STRICT_OBJC_MSGSEND = YES;
				GCC_C_LANGUAGE_STANDARD = gnu11;
				GCC_NO_COMMON_BLOCKS = YES;
				GCC_WARN_64_TO_32_BIT_CONVERSION = YES;
				GCC_WARN_ABOUT_RETURN_TYPE = YES_ERROR;
				GCC_WARN_UNDECLARED_SELECTOR = YES;
				GCC_WARN_UNINITIALIZED_AUTOS = YES_AGGRESSIVE;
				GCC_WARN_UNUSED_FUNCTION = YES;
				GCC_WARN_UNUSED_VARIABLE = YES;
				IPHONEOS_DEPLOYMENT_TARGET = 16.2;
				MTL_ENABLE_DEBUG_INFO = NO;
				MTL_FAST_MATH = YES;
				SDKROOT = iphoneos;
				SWIFT_COMPILATION_MODE = wholemodule;
				SWIFT_OPTIMIZATION_LEVEL = "-O";
				VALIDATE_PRODUCT = YES;
			};
			name = Release;
		};
		DA311B6729DEFB5200E58F50 /* Debug */ = {
			isa = XCBuildConfiguration;
			baseConfigurationReference = C824D5F24175181A5E867309 /* Pods-VeroDS.debug.xcconfig */;
			buildSettings = {
				ASSETCATALOG_COMPILER_APPICON_NAME = AppIcon;
				ASSETCATALOG_COMPILER_GLOBAL_ACCENT_COLOR_NAME = AccentColor;
				CODE_SIGN_STYLE = Automatic;
				CURRENT_PROJECT_VERSION = 1;
				DEVELOPMENT_TEAM = 8C89698647;
				GENERATE_INFOPLIST_FILE = YES;
				INFOPLIST_FILE = VeroDS/Info.plist;
				INFOPLIST_KEY_UIApplicationSupportsIndirectInputEvents = YES;
				INFOPLIST_KEY_UILaunchStoryboardName = LaunchScreen;
				INFOPLIST_KEY_UIMainStoryboardFile = Main;
				INFOPLIST_KEY_UISupportedInterfaceOrientations_iPad = "UIInterfaceOrientationPortrait UIInterfaceOrientationPortraitUpsideDown UIInterfaceOrientationLandscapeLeft UIInterfaceOrientationLandscapeRight";
				INFOPLIST_KEY_UISupportedInterfaceOrientations_iPhone = "UIInterfaceOrientationPortrait UIInterfaceOrientationLandscapeLeft UIInterfaceOrientationLandscapeRight";
				IPHONEOS_DEPLOYMENT_TARGET = 15.2;
				LD_RUNPATH_SEARCH_PATHS = (
					"$(inherited)",
					"@executable_path/Frameworks",
				);
				MARKETING_VERSION = 1.0;
				PRODUCT_BUNDLE_IDENTIFIER = berkangezgin.VeroDS;
				PRODUCT_NAME = "$(TARGET_NAME)";
				SWIFT_EMIT_LOC_STRINGS = YES;
				SWIFT_VERSION = 5.0;
				TARGETED_DEVICE_FAMILY = "1,2";
			};
			name = Debug;
		};
		DA311B6829DEFB5200E58F50 /* Release */ = {
			isa = XCBuildConfiguration;
			baseConfigurationReference = 36184A5788AD4F8060E6E904 /* Pods-VeroDS.release.xcconfig */;
			buildSettings = {
				ASSETCATALOG_COMPILER_APPICON_NAME = AppIcon;
				ASSETCATALOG_COMPILER_GLOBAL_ACCENT_COLOR_NAME = AccentColor;
				CODE_SIGN_STYLE = Automatic;
				CURRENT_PROJECT_VERSION = 1;
				DEVELOPMENT_TEAM = 8C89698647;
				GENERATE_INFOPLIST_FILE = YES;
				INFOPLIST_FILE = VeroDS/Info.plist;
				INFOPLIST_KEY_UIApplicationSupportsIndirectInputEvents = YES;
				INFOPLIST_KEY_UILaunchStoryboardName = LaunchScreen;
				INFOPLIST_KEY_UIMainStoryboardFile = Main;
				INFOPLIST_KEY_UISupportedInterfaceOrientations_iPad = "UIInterfaceOrientationPortrait UIInterfaceOrientationPortraitUpsideDown UIInterfaceOrientationLandscapeLeft UIInterfaceOrientationLandscapeRight";
				INFOPLIST_KEY_UISupportedInterfaceOrientations_iPhone = "UIInterfaceOrientationPortrait UIInterfaceOrientationLandscapeLeft UIInterfaceOrientationLandscapeRight";
				IPHONEOS_DEPLOYMENT_TARGET = 15.2;
				LD_RUNPATH_SEARCH_PATHS = (
					"$(inherited)",
					"@executable_path/Frameworks",
				);
				MARKETING_VERSION = 1.0;
				PRODUCT_BUNDLE_IDENTIFIER = berkangezgin.VeroDS;
				PRODUCT_NAME = "$(TARGET_NAME)";
				SWIFT_EMIT_LOC_STRINGS = YES;
				SWIFT_VERSION = 5.0;
				TARGETED_DEVICE_FAMILY = "1,2";
			};
			name = Release;
		};
/* End XCBuildConfiguration section */

/* Begin XCConfigurationList section */
		DA311B4D29DEFB5000E58F50 /* Build configuration list for PBXProject "VeroDS" */ = {
			isa = XCConfigurationList;
			buildConfigurations = (
				DA311B6429DEFB5200E58F50 /* Debug */,
				DA311B6529DEFB5200E58F50 /* Release */,
			);
			defaultConfigurationIsVisible = 0;
			defaultConfigurationName = Release;
		};
		DA311B6629DEFB5200E58F50 /* Build configuration list for PBXNativeTarget "VeroDS" */ = {
			isa = XCConfigurationList;
			buildConfigurations = (
				DA311B6729DEFB5200E58F50 /* Debug */,
				DA311B6829DEFB5200E58F50 /* Release */,
			);
			defaultConfigurationIsVisible = 0;
			defaultConfigurationName = Release;
		};
/* End XCConfigurationList section */
	};
	rootObject = DA311B4A29DEFB5000E58F50 /* Project object */;
}
